
Microsoft Visual Studio Solution File, Format Version 12.00
# Visual Studio Version 16
VisualStudioVersion = 16.0.29709.97
MinimumVisualStudioVersion = 10.0.40219.1
Project("{FAE04EC0-301F-11D3-BF4B-00C04F79EFBC}") = "About Me App.Android", "About Me App\About Me App.Android\About Me App.Android.csproj", "{1F1E9BC3-767C-4981-8E9C-8FD419C579BB}"
EndProject
Project("{FAE04EC0-301F-11D3-BF4B-00C04F79EFBC}") = "About Me App.iOS", "About Me App\About Me App.iOS\About Me App.iOS.csproj", "{F3ABAD22-30A5-41F3-94A8-1CF9AF9C0C05}"
EndProject
Project("{FAE04EC0-301F-11D3-BF4B-00C04F79EFBC}") = "About Me App", "About Me App\About Me App\About Me App.csproj", "{7E75EAF5-0A4F-4F33-9788-F483EF85132A}"
EndProject
Global
	GlobalSection(SolutionConfigurationPlatforms) = preSolution
		Debug|Any CPU = Debug|Any CPU
		Debug|iPhone = Debug|iPhone
		Debug|iPhoneSimulator = Debug|iPhoneSimulator
		Release|Any CPU = Release|Any CPU
		Release|iPhone = Release|iPhone
		Release|iPhoneSimulator = Release|iPhoneSimulator
	EndGlobalSection
	GlobalSection(ProjectConfigurationPlatforms) = postSolution
		{1F1E9BC3-767C-4981-8E9C-8FD419C579BB}.Debug|Any CPU.ActiveCfg = Debug|Any CPU
		{1F1E9BC3-767C-4981-8E9C-8FD419C579BB}.Debug|Any CPU.Build.0 = Debug|Any CPU
		{1F1E9BC3-767C-4981-8E9C-8FD419C579BB}.Debug|Any CPU.Deploy.0 = Debug|Any CPU
		{1F1E9BC3-767C-4981-8E9C-8FD419C579BB}.Debug|iPhone.ActiveCfg = Debug|Any CPU
		{1F1E9BC3-767C-4981-8E9C-8FD419C579BB}.Debug|iPhone.Build.0 = Debug|Any CPU
		{1F1E9BC3-767C-4981-8E9C-8FD419C579BB}.Debug|iPhone.Deploy.0 = Debug|Any CPU
		{1F1E9BC3-767C-4981-8E9C-8FD419C579BB}.Debug|iPhoneSimulator.ActiveCfg = Debug|Any CPU
		{1F1E9BC3-767C-4981-8E9C-8FD419C579BB}.Debug|iPhoneSimulator.Build.0 = Debug|Any CPU
		{1F1E9BC3-767C-4981-8E9C-8FD419C579BB}.Debug|iPhoneSimulator.Deploy.0 = Debug|Any CPU
		{1F1E9BC3-767C-4981-8E9C-8FD419C579BB}.Release|Any CPU.ActiveCfg = Release|Any CPU
		{1F1E9BC3-767C-4981-8E9C-8FD419C579BB}.Release|Any CPU.Build.0 = Release|Any CPU
		{1F1E9BC3-767C-4981-8E9C-8FD419C579BB}.Release|Any CPU.Deploy.0 = Release|Any CPU
		{1F1E9BC3-767C-4981-8E9C-8FD419C579BB}.Release|iPhone.ActiveCfg = Release|Any CPU
		{1F1E9BC3-767C-4981-8E9C-8FD419C579BB}.Release|iPhone.Build.0 = Release|Any CPU
		{1F1E9BC3-767C-4981-8E9C-8FD419C579BB}.Release|iPhone.Deploy.0 = Release|Any CPU
		{1F1E9BC3-767C-4981-8E9C-8FD419C579BB}.Release|iPhoneSimulator.ActiveCfg = Release|Any CPU
		{1F1E9BC3-767C-4981-8E9C-8FD419C579BB}.Release|iPhoneSimulator.Build.0 = Release|Any CPU
		{1F1E9BC3-767C-4981-8E9C-8FD419C579BB}.Release|iPhoneSimulator.Deploy.0 = Release|Any CPU
		{F3ABAD22-30A5-41F3-94A8-1CF9AF9C0C05}.Debug|Any CPU.ActiveCfg = Debug|iPhoneSimulator
		{F3ABAD22-30A5-41F3-94A8-1CF9AF9C0C05}.Debug|Any CPU.Build.0 = Debug|iPhoneSimulator
		{F3ABAD22-30A5-41F3-94A8-1CF9AF9C0C05}.Debug|Any CPU.Deploy.0 = Debug|iPhoneSimulator
		{F3ABAD22-30A5-41F3-94A8-1CF9AF9C0C05}.Debug|iPhone.ActiveCfg = Debug|iPhone
		{F3ABAD22-30A5-41F3-94A8-1CF9AF9C0C05}.Debug|iPhone.Build.0 = Debug|iPhone
		{F3ABAD22-30A5-41F3-94A8-1CF9AF9C0C05}.Debug|iPhone.Deploy.0 = Debug|iPhone
		{F3ABAD22-30A5-41F3-94A8-1CF9AF9C0C05}.Debug|iPhoneSimulator.ActiveCfg = Debug|iPhoneSimulator
		{F3ABAD22-30A5-41F3-94A8-1CF9AF9C0C05}.Debug|iPhoneSimulator.Build.0 = Debug|iPhoneSimulator
		{F3ABAD22-30A5-41F3-94A8-1CF9AF9C0C05}.Debug|iPhoneSimulator.Deploy.0 = Debug|iPhoneSimulator
		{F3ABAD22-30A5-41F3-94A8-1CF9AF9C0C05}.Release|Any CPU.ActiveCfg = Release|iPhone
		{F3ABAD22-30A5-41F3-94A8-1CF9AF9C0C05}.Release|Any CPU.Build.0 = Release|iPhone
		{F3ABAD22-30A5-41F3-94A8-1CF9AF9C0C05}.Release|Any CPU.Deploy.0 = Release|iPhone
		{F3ABAD22-30A5-41F3-94A8-1CF9AF9C0C05}.Release|iPhone.ActiveCfg = Release|iPhone
		{F3ABAD22-30A5-41F3-94A8-1CF9AF9C0C05}.Release|iPhone.Build.0 = Release|iPhone
		{F3ABAD22-30A5-41F3-94A8-1CF9AF9C0C05}.Release|iPhone.Deploy.0 = Release|iPhone
		{F3ABAD22-30A5-41F3-94A8-1CF9AF9C0C05}.Release|iPhoneSimulator.ActiveCfg = Release|iPhoneSimulator
		{F3ABAD22-30A5-41F3-94A8-1CF9AF9C0C05}.Release|iPhoneSimulator.Build.0 = Release|iPhoneSimulator
		{F3ABAD22-30A5-41F3-94A8-1CF9AF9C0C05}.Release|iPhoneSimulator.Deploy.0 = Release|iPhoneSimulator
		{7E75EAF5-0A4F-4F33-9788-F483EF85132A}.Debug|Any CPU.ActiveCfg = Debug|Any CPU
		{7E75EAF5-0A4F-4F33-9788-F483EF85132A}.Debug|Any CPU.Build.0 = Debug|Any CPU
		{7E75EAF5-0A4F-4F33-9788-F483EF85132A}.Debug|Any CPU.Deploy.0 = Debug|Any CPU
		{7E75EAF5-0A4F-4F33-9788-F483EF85132A}.Debug|iPhone.ActiveCfg = Debug|Any CPU
		{7E75EAF5-0A4F-4F33-9788-F483EF85132A}.Debug|iPhone.Build.0 = Debug|Any CPU
		{7E75EAF5-0A4F-4F33-9788-F483EF85132A}.Debug|iPhone.Deploy.0 = Debug|Any CPU
		{7E75EAF5-0A4F-4F33-9788-F483EF85132A}.Debug|iPhoneSimulator.ActiveCfg = Debug|Any CPU
		{7E75EAF5-0A4F-4F33-9788-F483EF85132A}.Debug|iPhoneSimulator.Build.0 = Debug|Any CPU
		{7E75EAF5-0A4F-4F33-9788-F483EF85132A}.Debug|iPhoneSimulator.Deploy.0 = Debug|Any CPU
		{7E75EAF5-0A4F-4F33-9788-F483EF85132A}.Release|Any CPU.ActiveCfg = Release|Any CPU
		{7E75EAF5-0A4F-4F33-9788-F483EF85132A}.Release|Any CPU.Build.0 = Release|Any CPU
		{7E75EAF5-0A4F-4F33-9788-F483EF85132A}.Release|Any CPU.Deploy.0 = Release|Any CPU
		{7E75EAF5-0A4F-4F33-9788-F483EF85132A}.Release|iPhone.ActiveCfg = Release|Any CPU
		{7E75EAF5-0A4F-4F33-9788-F483EF85132A}.Release|iPhone.Build.0 = Release|Any CPU
		{7E75EAF5-0A4F-4F33-9788-F483EF85132A}.Release|iPhone.Deploy.0 = Release|Any CPU
		{7E75EAF5-0A4F-4F33-9788-F483EF85132A}.Release|iPhoneSimulator.ActiveCfg = Release|Any CPU
		{7E75EAF5-0A4F-4F33-9788-F483EF85132A}.Release|iPhoneSimulator.Build.0 = Release|Any CPU
		{7E75EAF5-0A4F-4F33-9788-F483EF85132A}.Release|iPhoneSimulator.Deploy.0 = Release|Any CPU
	EndGlobalSection
	GlobalSection(SolutionProperties) = preSolution
		HideSolutionNode = FALSE
	EndGlobalSection
	GlobalSection(ExtensibilityGlobals) = postSolution
		SolutionGuid = {B056E32C-ABB6-40E5-B312-66946DB0C9E1}
	EndGlobalSection
EndGlobal
